
Microsoft Visual Studio Solution File, Format Version 12.00
# Visual Studio 2012
Project("{FAE04EC0-301F-11D3-BF4B-00C04F79EFBC}") = "Sparse", "Sparse\Sparse.csproj", "{DEB8E9C0-DEE8-42D7-A3F3-325C806E085B}"
EndProject
Global
	GlobalSection(SolutionConfigurationPlatforms) = preSolution
		Debug|Any CPU = Debug|Any CPU
		Release|Any CPU = Release|Any CPU
	EndGlobalSection
	GlobalSection(ProjectConfigurationPlatforms) = postSolution
		{DEB8E9C0-DEE8-42D7-A3F3-325C806E085B}.Debug|Any CPU.ActiveCfg = Debug|Any CPU
		{DEB8E9C0-DEE8-42D7-A3F3-325C806E085B}.Debug|Any CPU.Build.0 = Debug|Any CPU
		{DEB8E9C0-DEE8-42D7-A3F3-325C806E085B}.Release|Any CPU.ActiveCfg = Release|Any CPU
		{DEB8E9C0-DEE8-42D7-A3F3-325C806E085B}.Release|Any CPU.Build.0 = Release|Any CPU
	EndGlobalSection
	GlobalSection(SolutionProperties) = preSolution
		HideSolutionNode = FALSE
	EndGlobalSection
EndGlobal
